
Microsoft Visual Studio Solution File, Format Version 12.00
# Visual Studio Version 17
VisualStudioVersion = 17.0.32112.339
MinimumVisualStudioVersion = 10.0.40219.1
Project("{2150E333-8FDC-42A3-9474-1A3956D46DE8}") = "Solution Items", "Solution Items", "{CDF27C2F-9DA2-4CCF-B687-74E283C5585E}"
	ProjectSection(SolutionItems) = preProject
		.editorconfig = .editorconfig
	EndProjectSection
EndProject
Project("{9A19103F-16F7-4668-BE54-9A1E7A4F7556}") = "TakyTank.KyoProLib.CSharp", "projects\TakyTank.KyoProLib.CSharp\TakyTank.KyoProLib.CSharp.csproj", "{48EA4109-8C53-4B2E-B20B-75F573134464}"
EndProject
Project("{9A19103F-16F7-4668-BE54-9A1E7A4F7556}") = "Benchmarker", "projects\Benchmarker\Benchmarker.csproj", "{CA23779F-1266-4B82-8947-0E5F11CDE1E8}"
EndProject
Project("{9A19103F-16F7-4668-BE54-9A1E7A4F7556}") = "TakyTank.KyoProLib.CSharp.V7", "projects\TakyTank.KyoProLib.CSharp.V7\TakyTank.KyoProLib.CSharp.V7.csproj", "{CA089451-E7B6-49D2-92DE-E99286CF59A3}"
EndProject
Project("{9A19103F-16F7-4668-BE54-9A1E7A4F7556}") = "TakyTank.KyoProLib.CSharp.V8", "projects\TakyTank.KyoProLib.CSharp.V8\TakyTank.KyoProLib.CSharp.V8.csproj", "{8DC55B91-D691-42D2-9746-3DAAD5225359}"
EndProject
Project("{FAE04EC0-301F-11D3-BF4B-00C04F79EFBC}") = "TakyTank.KyoProLib.CSharp.V11", "projects\TakyTank.KyoProLib.CSharp.V11\TakyTank.KyoProLib.CSharp.V11.csproj", "{ABBFC309-7E83-4CB7-802C-39D5A1F9E4FB}"
EndProject
Project("{FAE04EC0-301F-11D3-BF4B-00C04F79EFBC}") = "TakyTank.KyoProLib.CSharp.V13", "projects\TakyTank.KyoProLib.CSharp.V13\TakyTank.KyoProLib.CSharp.V13.csproj", "{619510FE-66E1-4E3F-B519-3394FE00CC77}"
EndProject
Global
	GlobalSection(SolutionConfigurationPlatforms) = preSolution
		Debug|Any CPU = Debug|Any CPU
		Release|Any CPU = Release|Any CPU
	EndGlobalSection
	GlobalSection(ProjectConfigurationPlatforms) = postSolution
		{48EA4109-8C53-4B2E-B20B-75F573134464}.Debug|Any CPU.ActiveCfg = Debug|Any CPU
		{48EA4109-8C53-4B2E-B20B-75F573134464}.Debug|Any CPU.Build.0 = Debug|Any CPU
		{48EA4109-8C53-4B2E-B20B-75F573134464}.Release|Any CPU.ActiveCfg = Release|Any CPU
		{48EA4109-8C53-4B2E-B20B-75F573134464}.Release|Any CPU.Build.0 = Release|Any CPU
		{CA23779F-1266-4B82-8947-0E5F11CDE1E8}.Debug|Any CPU.ActiveCfg = Debug|Any CPU
		{CA23779F-1266-4B82-8947-0E5F11CDE1E8}.Debug|Any CPU.Build.0 = Debug|Any CPU
		{CA23779F-1266-4B82-8947-0E5F11CDE1E8}.Release|Any CPU.ActiveCfg = Release|Any CPU
		{CA23779F-1266-4B82-8947-0E5F11CDE1E8}.Release|Any CPU.Build.0 = Release|Any CPU
		{CA089451-E7B6-49D2-92DE-E99286CF59A3}.Debug|Any CPU.ActiveCfg = Debug|Any CPU
		{CA089451-E7B6-49D2-92DE-E99286CF59A3}.Debug|Any CPU.Build.0 = Debug|Any CPU
		{CA089451-E7B6-49D2-92DE-E99286CF59A3}.Release|Any CPU.ActiveCfg = Release|Any CPU
		{CA089451-E7B6-49D2-92DE-E99286CF59A3}.Release|Any CPU.Build.0 = Release|Any CPU
		{8DC55B91-D691-42D2-9746-3DAAD5225359}.Debug|Any CPU.ActiveCfg = Debug|Any CPU
		{8DC55B91-D691-42D2-9746-3DAAD5225359}.Debug|Any CPU.Build.0 = Debug|Any CPU
		{8DC55B91-D691-42D2-9746-3DAAD5225359}.Release|Any CPU.ActiveCfg = Release|Any CPU
		{8DC55B91-D691-42D2-9746-3DAAD5225359}.Release|Any CPU.Build.0 = Release|Any CPU
		{ABBFC309-7E83-4CB7-802C-39D5A1F9E4FB}.Debug|Any CPU.ActiveCfg = Debug|Any CPU
		{ABBFC309-7E83-4CB7-802C-39D5A1F9E4FB}.Debug|Any CPU.Build.0 = Debug|Any CPU
		{ABBFC309-7E83-4CB7-802C-39D5A1F9E4FB}.Release|Any CPU.ActiveCfg = Release|Any CPU
		{ABBFC309-7E83-4CB7-802C-39D5A1F9E4FB}.Release|Any CPU.Build.0 = Release|Any CPU
		{619510FE-66E1-4E3F-B519-3394FE00CC77}.Debug|Any CPU.ActiveCfg = Debug|Any CPU
		{619510FE-66E1-4E3F-B519-3394FE00CC77}.Debug|Any CPU.Build.0 = Debug|Any CPU
		{619510FE-66E1-4E3F-B519-3394FE00CC77}.Release|Any CPU.ActiveCfg = Release|Any CPU
		{619510FE-66E1-4E3F-B519-3394FE00CC77}.Release|Any CPU.Build.0 = Release|Any CPU
	EndGlobalSection
	GlobalSection(SolutionProperties) = preSolution
		HideSolutionNode = FALSE
	EndGlobalSection
	GlobalSection(ExtensibilityGlobals) = postSolution
		SolutionGuid = {014E4AD2-EB47-41C8-92DC-0F231B5D1942}
	EndGlobalSection
EndGlobal
