
Microsoft Visual Studio Solution File, Format Version 12.00
# Visual Studio Version 16
VisualStudioVersion = 16.0.30503.244
MinimumVisualStudioVersion = 10.0.40219.1
Project("{2150E333-8FDC-42A3-9474-1A3956D46DE8}") = "Solution Items", "Solution Items", "{CDF27C2F-9DA2-4CCF-B687-74E283C5585E}"
	ProjectSection(SolutionItems) = preProject
		.editorconfig = .editorconfig
	EndProjectSection
EndProject
Project("{9A19103F-16F7-4668-BE54-9A1E7A4F7556}") = "TakyTank.KyoProLib.CSharp.Core31", "projects\TakyTank.KyoProLib.CSharp.Core31\TakyTank.KyoProLib.CSharp.Core31.csproj", "{2A525B17-10F6-446F-96A0-4D198596F880}"
EndProject
Project("{9A19103F-16F7-4668-BE54-9A1E7A4F7556}") = "TakyTank.KyoProLib.CSharp", "projects\TakyTank.KyoProLib.CSharp\TakyTank.KyoProLib.CSharp.csproj", "{48EA4109-8C53-4B2E-B20B-75F573134464}"
EndProject
Project("{9A19103F-16F7-4668-BE54-9A1E7A4F7556}") = "TakyTank.KyoProLib.CSharp.Csc360", "projects\TakyTank.KyoProLib.CSharp.Csc360\TakyTank.KyoProLib.CSharp.Csc360.csproj", "{9BE93A8E-36CB-4446-8688-7169FC2BC7B2}"
EndProject
Project("{9A19103F-16F7-4668-BE54-9A1E7A4F7556}") = "Benchmarker", "projects\Benchmarker\Benchmarker.csproj", "{CA23779F-1266-4B82-8947-0E5F11CDE1E8}"
EndProject
Project("{FAE04EC0-301F-11D3-BF4B-00C04F79EFBC}") = "TakyTank.KyoProLib.CSharp.Mono280", "projects\TakyTank.KyoProLib.CSharp.Mono280\TakyTank.KyoProLib.CSharp.Mono280.csproj", "{5158CCC4-5143-4FD2-8108-4AD772BC028E}"
EndProject
Global
	GlobalSection(SolutionConfigurationPlatforms) = preSolution
		Debug|Any CPU = Debug|Any CPU
		Release|Any CPU = Release|Any CPU
	EndGlobalSection
	GlobalSection(ProjectConfigurationPlatforms) = postSolution
		{2A525B17-10F6-446F-96A0-4D198596F880}.Debug|Any CPU.ActiveCfg = Debug|Any CPU
		{2A525B17-10F6-446F-96A0-4D198596F880}.Debug|Any CPU.Build.0 = Debug|Any CPU
		{2A525B17-10F6-446F-96A0-4D198596F880}.Release|Any CPU.ActiveCfg = Release|Any CPU
		{2A525B17-10F6-446F-96A0-4D198596F880}.Release|Any CPU.Build.0 = Release|Any CPU
		{48EA4109-8C53-4B2E-B20B-75F573134464}.Debug|Any CPU.ActiveCfg = Debug|Any CPU
		{48EA4109-8C53-4B2E-B20B-75F573134464}.Debug|Any CPU.Build.0 = Debug|Any CPU
		{48EA4109-8C53-4B2E-B20B-75F573134464}.Release|Any CPU.ActiveCfg = Release|Any CPU
		{48EA4109-8C53-4B2E-B20B-75F573134464}.Release|Any CPU.Build.0 = Release|Any CPU
		{9BE93A8E-36CB-4446-8688-7169FC2BC7B2}.Debug|Any CPU.ActiveCfg = Debug|Any CPU
		{9BE93A8E-36CB-4446-8688-7169FC2BC7B2}.Debug|Any CPU.Build.0 = Debug|Any CPU
		{9BE93A8E-36CB-4446-8688-7169FC2BC7B2}.Release|Any CPU.ActiveCfg = Release|Any CPU
		{9BE93A8E-36CB-4446-8688-7169FC2BC7B2}.Release|Any CPU.Build.0 = Release|Any CPU
		{CA23779F-1266-4B82-8947-0E5F11CDE1E8}.Debug|Any CPU.ActiveCfg = Debug|Any CPU
		{CA23779F-1266-4B82-8947-0E5F11CDE1E8}.Debug|Any CPU.Build.0 = Debug|Any CPU
		{CA23779F-1266-4B82-8947-0E5F11CDE1E8}.Release|Any CPU.ActiveCfg = Release|Any CPU
		{CA23779F-1266-4B82-8947-0E5F11CDE1E8}.Release|Any CPU.Build.0 = Release|Any CPU
		{5158CCC4-5143-4FD2-8108-4AD772BC028E}.Debug|Any CPU.ActiveCfg = Debug|Any CPU
		{5158CCC4-5143-4FD2-8108-4AD772BC028E}.Debug|Any CPU.Build.0 = Debug|Any CPU
		{5158CCC4-5143-4FD2-8108-4AD772BC028E}.Release|Any CPU.ActiveCfg = Release|Any CPU
		{5158CCC4-5143-4FD2-8108-4AD772BC028E}.Release|Any CPU.Build.0 = Release|Any CPU
	EndGlobalSection
	GlobalSection(SolutionProperties) = preSolution
		HideSolutionNode = FALSE
	EndGlobalSection
	GlobalSection(ExtensibilityGlobals) = postSolution
		SolutionGuid = {014E4AD2-EB47-41C8-92DC-0F231B5D1942}
	EndGlobalSection
EndGlobal
